hash: d1187227dc742f1e959b1e28c616c81ecaa017a33fbdf43f889aa82ec46ead1b
updated: 2017-02-07T20:27:01.2562481Z
imports:
- name: github.com/thoj/go-ircevent
  version: a6b1561a016c2a4aae183c3ef152c25d134c095d
- name: gitlab.sgttailor.com/Sgt_Tailor/MusicPlayer
  version: 5240ed2c21bc4b9af3a243318f493b4c8fd0365b
testImports: []
