hash: d1187227dc742f1e959b1e28c616c81ecaa017a33fbdf43f889aa82ec46ead1b
updated: 2017-02-08T13:00:03.575474681+01:00
imports:
- name: github.com/thoj/go-ircevent
  version: a6b1561a016c2a4aae183c3ef152c25d134c095d
- name: gitlab.sgttailor.com/Sgt_Tailor/MusicPlayer
  version: 0ec9a2ae343ae9fc78379a4a4e6ee29f9db85141
testImports: []
