hash: d87e41151c1b5c7e60c22efe82eee68cb52f03a44ff6d188602bee9dfcc11394
updated: 2017-06-30T11:14:13.549062593+02:00
imports:
- name: github.com/channelmeter/iso8601duration
  version: 8da3af7a2a61a4eb5ae9bddec06bf637fa9593da
- name: github.com/dexterlb/mpvipc
  version: 642a40c6e5c6fc3fb28bf37cf723f95a2033baac
- name: github.com/golang/protobuf
  version: 6a1fa9404c0aebf36c879bc50152edcc953910d2
  subpackages:
  - proto
- name: github.com/gorilla/context
  version: 08b5f424b9271eedf6f9f0ce86cb9396ed337a42
- name: github.com/gorilla/mux
  version: 392c28fe23e1c45ddba891b0320b3b5df220beea
- name: github.com/gorilla/websocket
  version: ea4d1f681babbce9545c9c5f3d5194a789c89f5b
- name: github.com/Sirupsen/logrus
  version: ba1b36c82c5e05c4f912a88eab0dcd91a171688f
- name: github.com/svenwiltink/go-musicbot
  version: a2746b8b519ffebe15fdc741a1468b1079caf83a
  subpackages:
  - api
  - bot
  - config
  - player
  - songplayer
  - util
- name: github.com/svenwiltink/volumecontrol
  version: d0d13eb7fe1c62098302f616b1f47f48bb6380da
- name: github.com/thoj/go-ircevent
  version: a6b1561a016c2a4aae183c3ef152c25d134c095d
- name: github.com/vansante/go-event-emitter
  version: 8744934c8f5045bdf7b81481a122fc9941386077
- name: github.com/vansante/go-spotify-control
  version: 80ca199cb8958c03d1a8850d98faab4571a87eca
- name: github.com/zmb3/spotify
  version: 84bf5e353eaccd52f17bbbfdfd1accfc56361bb6
- name: golang.org/x/net
  version: 1f9224279e98554b6a6432d4dd998a739f8b2b7c
  subpackages:
  - context
  - context/ctxhttp
- name: golang.org/x/oauth2
  version: cce311a261e6fcf29de72ca96827bdb0b7d9c9e6
  subpackages:
  - internal
- name: golang.org/x/sys
  version: 90796e5a05ce440b41c768bd9af257005e470461
  subpackages:
  - unix
- name: google.golang.org/api
  version: e6586c9293b9d514c7f5d5076731ec977cff1be6
  subpackages:
  - googleapi/transport
  - youtube/v3
  - gensupport
  - googleapi
  - googleapi/internal/uritemplates
- name: google.golang.org/appengine
  version: a2f4131514e563cedfdb6e7d267df9ad48591e93
  subpackages:
  - urlfetch
  - internal
  - internal/urlfetch
  - internal/base
  - internal/datastore
  - internal/log
  - internal/remote_api
testImports: []
