hash: 4df62e494e3fe982f0db372c7ae770dd73d250dc6cbdaabf9cbbd19046c6d22a
updated: 2017-05-13T22:09:40.1551207+02:00
imports:
- name: github.com/channelmeter/iso8601duration
  version: 8da3af7a2a61a4eb5ae9bddec06bf637fa9593da
- name: github.com/DexterLB/mpvipc
  version: 642a40c6e5c6fc3fb28bf37cf723f95a2033baac
- name: github.com/golang/protobuf
  version: 2bba0603135d7d7f5cb73b2125beeda19c09f4ef
  subpackages:
  - proto
- name: github.com/gorilla/context
  version: 08b5f424b9271eedf6f9f0ce86cb9396ed337a42
- name: github.com/gorilla/mux
  version: 392c28fe23e1c45ddba891b0320b3b5df220beea
- name: github.com/gorilla/websocket
  version: 3ab3a8b8831546bd18fd182c20687ca853b2bb13
- name: github.com/thoj/go-ircevent
  version: a6b1561a016c2a4aae183c3ef152c25d134c095d
- name: github.com/vansante/go-event-emitter
  version: 8744934c8f5045bdf7b81481a122fc9941386077
- name: github.com/vansante/go-spotify-control
  version: 698a948a0e19d1d7ef3aa0de854c059ec348fda5
- name: github.com/zmb3/spotify
  version: 84bf5e353eaccd52f17bbbfdfd1accfc56361bb6
- name: golang.org/x/net
  version: a6577fac2d73be281a500b310739095313165611
  subpackages:
  - context
  - context/ctxhttp
- name: golang.org/x/oauth2
  version: 7fdf09982454086d5570c7db3e11f360194830ca
  subpackages:
  - internal
- name: google.golang.org/api
  version: 1202890e803f07684581b575fda809bf335a533f
  subpackages:
  - gensupport
  - googleapi
  - googleapi/internal/uritemplates
  - googleapi/transport
  - youtube/v3
- name: google.golang.org/appengine
  version: 56d253d1dd14aa01937e12c73a0971bcfd797ff2
  subpackages:
  - internal
  - internal/base
  - internal/datastore
  - internal/log
  - internal/remote_api
  - internal/urlfetch
  - urlfetch
testImports: []
