# This file is autogenerated, do not edit; changes may be undone by the next 'dep ensure'.


[[projects]]
  branch = "master"
  digest = "1:767de091c3bc6e7b8683dfb6e09eee4bb70107c76a62f2d47c622e7a3c2a385c"
  name = "github.com/ChannelMeter/iso8601duration"
  packages = ["."]
  pruneopts = "UT"
  revision = "8da3af7a2a61a4eb5ae9bddec06bf637fa9593da"

[[projects]]
  branch = "master"
  digest = "1:eb0dee5c3187098806708c7be4621968c4c5cebff1f2d661d9a25b9f9827eee5"
  name = "github.com/DexterLB/mpvipc"
  packages = ["."]
  pruneopts = "UT"
  revision = "c65680788f718e847d0a9f04ca685ece8d026b85"

[[projects]]
  digest = "1:ffe9824d294da03b391f44e1ae8281281b4afc1bdaa9588c9097785e3af10cec"
  name = "github.com/davecgh/go-spew"
  packages = ["spew"]
  pruneopts = "UT"
  revision = "8991bc29aa16c548c550c7ff78260e27b9ab7c73"
  version = "v1.1.1"

[[projects]]
  branch = "master"
  digest = "1:0aa3883f8e21c66f799f69e736742bc33ca4ab2ec44f1fb8868c8a7d81a6e0ef"
  name = "github.com/fluffle/goirc"
  packages = [
    "client",
    "logging",
    "state",
  ]
  pruneopts = "UT"
  revision = "fc1dfa1ceb8897bcaa5231b560b9319591d4ab0a"

[[projects]]
  digest = "1:bc38c7c481812e178d85160472e231c5e1c9a7f5845d67e23ee4e706933c10d8"
  name = "github.com/golang/mock"
  packages = ["gomock"]
  pruneopts = "UT"
  revision = "c34cdb4725f4c3844d095133c6e40e448b86589b"
  version = "v1.1.1"

[[projects]]
  digest = "1:cee8e8ac80df6373e7daa11baf1f98c1b6f7242c49ccae7e1ec34a971dc408d9"
  name = "github.com/gorilla/websocket"
  packages = ["."]
  pruneopts = "UT"
  revision = "3ff3320c2a1756a3691521efc290b4701575147c"
  version = "v1.3.0"

[[projects]]
  digest = "1:0028cb19b2e4c3112225cd871870f2d9cf49b9b4276531f03438a88e94be86fe"
  name = "github.com/pmezard/go-difflib"
  packages = ["difflib"]
  pruneopts = "UT"
  revision = "792786c7400a136282c1664665ae0a8db921c6c2"
  version = "v1.0.0"

[[projects]]
  digest = "1:18752d0b95816a1b777505a97f71c7467a8445b8ffb55631a7bf779f6ba4fa83"
  name = "github.com/stretchr/testify"
  packages = ["assert"]
  pruneopts = "UT"
  revision = "f35b8ab0b5a2cef36673838d662e249dd9c94686"
  version = "v1.2.2"

[[projects]]
  branch = "master"
  digest = "1:2484b46e30bfa2e35ee00f8d397a7fbd74782a188e05d8895d053e3e7ebc1e31"
  name = "github.com/svenwiltink/ddpgo"
  packages = ["."]
  pruneopts = "UT"
  revision = "e1c7b8aa7b89452dddf1ee40b061b33967fc82d9"

[[projects]]
  branch = "master"
  digest = "1:0f7b20fb642277ab6401bf7aa52850cd0c85e835e04876b31d1b268db820704e"
  name = "github.com/svenwiltink/rocketchatgo"
  packages = ["."]
  pruneopts = "UT"
  revision = "a549700f88d902f21b3714ad8ad5b055d7eb0199"

[[projects]]
  branch = "master"
  digest = "1:32bb8118faec467ead4e413a1b87d06224022eba2d0524c9c2e23e39687a7611"
  name = "github.com/svenwiltink/youtube-dl"
  packages = ["."]
  pruneopts = "UT"
  revision = "08954d006d6a7f3571639fd5480e8846128a562a"

[[projects]]
  branch = "master"
  digest = "1:01d9a378e7b754986626d26341f7121f5d0c9837e5206261851c0b9d64e10177"
  name = "github.com/vansante/go-event-emitter"
  packages = ["."]
  pruneopts = "UT"
  revision = "d1e9ab59df602aa56eccba69a8dafa3e9557328f"

[[projects]]
  branch = "master"
  digest = "1:58cb5fbdf85e1f468c749aa31773ff102866831106f52762b2823ae235ca11e7"
  name = "golang.org/x/net"
  packages = [
    "context",
    "context/ctxhttp",
    "internal/socks",
    "proxy",
  ]
  pruneopts = "UT"
  revision = "8a410e7b638dca158bf9e766925842f6651ff828"

[[projects]]
  branch = "master"
  digest = "1:a53de9504dfd6acd370013e963ea50056736b63df77a6efe81bad02f428d09fb"
  name = "google.golang.org/api"
  packages = [
    "gensupport",
    "googleapi",
    "googleapi/internal/uritemplates",
    "googleapi/transport",
    "youtube/v3",
  ]
  pruneopts = "UT"
  revision = "b810576d88a056b90ef18a0b5328544c9c074c68"

[[projects]]
  branch = "v2"
  digest = "1:3d3f9391ab615be8655ae0d686a1564f3fec413979bb1aaf018bac1ec1bb1cc7"
  name = "gopkg.in/natefinch/npipe.v2"
  packages = ["."]
  pruneopts = "UT"
  revision = "c1b8fa8bdccecb0b8db834ee0b92fdbcfa606dd6"

[solve-meta]
  analyzer-name = "dep"
  analyzer-version = 1
  input-imports = [
    "github.com/ChannelMeter/iso8601duration",
    "github.com/DexterLB/mpvipc",
    "github.com/fluffle/goirc/client",
    "github.com/stretchr/testify/assert",
    "github.com/svenwiltink/rocketchatgo",
    "github.com/svenwiltink/youtube-dl",
    "github.com/vansante/go-event-emitter",
    "google.golang.org/api/googleapi/transport",
    "google.golang.org/api/youtube/v3",
  ]
  solver-name = "gps-cdcl"
  solver-version = 1
