# This file is autogenerated, do not edit; changes may be undone by the next 'dep ensure'.


[[projects]]
  branch = "master"
  name = "github.com/ChannelMeter/iso8601duration"
  packages = ["."]
  revision = "8da3af7a2a61a4eb5ae9bddec06bf637fa9593da"

[[projects]]
  branch = "master"
  name = "github.com/DexterLB/mpvipc"
  packages = ["."]
  revision = "c65680788f718e847d0a9f04ca685ece8d026b85"

[[projects]]
  name = "github.com/davecgh/go-spew"
  packages = ["spew"]
  revision = "8991bc29aa16c548c550c7ff78260e27b9ab7c73"
  version = "v1.1.1"

[[projects]]
  branch = "master"
  name = "github.com/fluffle/goirc"
  packages = [
    "client",
    "logging",
    "state"
  ]
  revision = "fc1dfa1ceb8897bcaa5231b560b9319591d4ab0a"

[[projects]]
  name = "github.com/golang/mock"
  packages = ["gomock"]
  revision = "c34cdb4725f4c3844d095133c6e40e448b86589b"
  version = "v1.1.1"

[[projects]]
  name = "github.com/gorilla/websocket"
  packages = ["."]
  revision = "3ff3320c2a1756a3691521efc290b4701575147c"
  version = "v1.3.0"

[[projects]]
  name = "github.com/pmezard/go-difflib"
  packages = ["difflib"]
  revision = "792786c7400a136282c1664665ae0a8db921c6c2"
  version = "v1.0.0"

[[projects]]
  name = "github.com/stretchr/testify"
  packages = ["assert"]
  revision = "f35b8ab0b5a2cef36673838d662e249dd9c94686"
  version = "v1.2.2"

[[projects]]
  branch = "experimental"
  name = "github.com/svenwiltink/ddpgo"
  packages = ["."]
  revision = "d727f1378cea52d8551e533373e37973e8737b33"

[[projects]]
  branch = "experimental"
  name = "github.com/svenwiltink/rocketchatgo"
  packages = ["."]
  revision = "ab9defb58289c5552cbe8b328e1c1260cd8be9f3"

[[projects]]
  branch = "master"
  name = "github.com/svenwiltink/youtube-dl"
  packages = ["."]
  revision = "08954d006d6a7f3571639fd5480e8846128a562a"

[[projects]]
  name = "github.com/vansante/go-event-emitter"
  packages = ["."]
  revision = "d1e9ab59df602aa56eccba69a8dafa3e9557328f"
  version = "v2.0"

[[projects]]
  branch = "master"
  name = "golang.org/x/net"
  packages = [
    "context",
    "context/ctxhttp",
    "internal/socks",
    "proxy"
  ]
  revision = "8a410e7b638dca158bf9e766925842f6651ff828"

[[projects]]
  branch = "master"
  name = "google.golang.org/api"
  packages = [
    "gensupport",
    "googleapi",
    "googleapi/internal/uritemplates",
    "googleapi/transport",
    "youtube/v3"
  ]
  revision = "087779f1d2c96357d4c45bd04c4d10d7b5f22736"

[[projects]]
  branch = "v2"
  name = "gopkg.in/natefinch/npipe.v2"
  packages = ["."]
  revision = "c1b8fa8bdccecb0b8db834ee0b92fdbcfa606dd6"

[solve-meta]
  analyzer-name = "dep"
  analyzer-version = 1
  inputs-digest = "01ea045b4fc57abf7cdd7f1b093fb45e5e339ce605df785b48e2a531ca7edf5f"
  solver-name = "gps-cdcl"
  solver-version = 1
